
Microsoft Visual Studio Solution File, Format Version 12.00
Project("{FAE04EC0-301F-11D3-BF4B-00C04F79EFBC}") = "PluginZohoCreator", "PluginZohoCreator\PluginZohoCreator.csproj", "{486BF492-B6FD-42F1-B501-13C1720099AD}"
EndProject
Project("{FAE04EC0-301F-11D3-BF4B-00C04F79EFBC}") = "PluginZohoCreatorTest", "PluginZohoCreatorTest\PluginZohoCreatorTest.csproj", "{CA699B2F-2DDC-4640-AAAB-D10F8069AE71}"
EndProject
Global
	GlobalSection(SolutionConfigurationPlatforms) = preSolution
		Debug|Any CPU = Debug|Any CPU
		Release|Any CPU = Release|Any CPU
	EndGlobalSection
	GlobalSection(ProjectConfigurationPlatforms) = postSolution
		{486BF492-B6FD-42F1-B501-13C1720099AD}.Debug|Any CPU.ActiveCfg = Debug|Any CPU
		{486BF492-B6FD-42F1-B501-13C1720099AD}.Debug|Any CPU.Build.0 = Debug|Any CPU
		{486BF492-B6FD-42F1-B501-13C1720099AD}.Release|Any CPU.ActiveCfg = Release|Any CPU
		{486BF492-B6FD-42F1-B501-13C1720099AD}.Release|Any CPU.Build.0 = Release|Any CPU
		{CA699B2F-2DDC-4640-AAAB-D10F8069AE71}.Debug|Any CPU.ActiveCfg = Debug|Any CPU
		{CA699B2F-2DDC-4640-AAAB-D10F8069AE71}.Debug|Any CPU.Build.0 = Debug|Any CPU
		{CA699B2F-2DDC-4640-AAAB-D10F8069AE71}.Release|Any CPU.ActiveCfg = Release|Any CPU
		{CA699B2F-2DDC-4640-AAAB-D10F8069AE71}.Release|Any CPU.Build.0 = Release|Any CPU
	EndGlobalSection
EndGlobal
